
Microsoft Visual Studio Solution File, Format Version 12.00
# Visual Studio Version 17
VisualStudioVersion = 17.6.33927.249
MinimumVisualStudioVersion = 10.0.40219.1
Project("{9A19103F-16F7-4668-BE54-9A1E7A4F7556}") = "EmployeeFormAPI", "EmployeeForm.API\EmployeeFormAPI.csproj", "{FEC02440-DE51-4CFC-B91B-03E23548F06A}"
EndProject
Project("{9A19103F-16F7-4668-BE54-9A1E7A4F7556}") = "EmployeeFormUI", "EmployeeFormUI\EmployeeFormUI.csproj", "{CF041B09-C84E-4BC7-AE39-4D27810FDDF7}"
EndProject
Project("{2150E333-8FDC-42A3-9474-1A3956D46DE8}") = "src", "src", "{75ED9E2D-F53D-407B-B303-EEA17D2765DB}"
EndProject
Project("{2150E333-8FDC-42A3-9474-1A3956D46DE8}") = "test", "test", "{179D11BD-72AA-43CE-B0D8-79A0E7C89047}"
EndProject
Project("{2150E333-8FDC-42A3-9474-1A3956D46DE8}") = "API", "API", "{CF6396E5-CAB1-4951-BF3A-35A6DE6CBE3C}"
EndProject
Project("{2150E333-8FDC-42A3-9474-1A3956D46DE8}") = "Core", "Core", "{B455C5EC-B952-4770-A65D-B1AB0F301506}"
EndProject
Project("{2150E333-8FDC-42A3-9474-1A3956D46DE8}") = "UI", "UI", "{CF9461F3-38BB-4280-9807-EABEF57D8802}"
EndProject
Project("{9A19103F-16F7-4668-BE54-9A1E7A4F7556}") = "EmployeeForm.Application", "EmployeeForm.Application\EmployeeForm.Application.csproj", "{F643B0EA-767D-4660-A39C-9C92A3727424}"
EndProject
Project("{9A19103F-16F7-4668-BE54-9A1E7A4F7556}") = "EmployeeForm.Domain", "EmployeeForm.Domain\EmployeeForm.Domain.csproj", "{D1D3B131-D04B-468B-A309-F18392896345}"
EndProject
Project("{2150E333-8FDC-42A3-9474-1A3956D46DE8}") = "Infrastructure", "Infrastructure", "{CC981FED-AA76-48FF-85A0-35497F559AA5}"
EndProject
Project("{9A19103F-16F7-4668-BE54-9A1E7A4F7556}") = "EmployeeFom.Persistence", "EmployeeFom.Persistence\EmployeeFom.Persistence.csproj", "{3DC73F5A-E297-4388-B491-DE1DDEE7BDE3}"
EndProject
Project("{9A19103F-16F7-4668-BE54-9A1E7A4F7556}") = "EmployeeForm.Infrastructure", "EmployeeForm.Infrastructure\EmployeeForm.Infrastructure.csproj", "{8110B799-ED33-411C-9116-CB09F61EEABA}"
EndProject
Global
	GlobalSection(SolutionConfigurationPlatforms) = preSolution
		Debug|Any CPU = Debug|Any CPU
		Release|Any CPU = Release|Any CPU
	EndGlobalSection
	GlobalSection(ProjectConfigurationPlatforms) = postSolution
		{FEC02440-DE51-4CFC-B91B-03E23548F06A}.Debug|Any CPU.ActiveCfg = Debug|Any CPU
		{FEC02440-DE51-4CFC-B91B-03E23548F06A}.Debug|Any CPU.Build.0 = Debug|Any CPU
		{FEC02440-DE51-4CFC-B91B-03E23548F06A}.Release|Any CPU.ActiveCfg = Release|Any CPU
		{FEC02440-DE51-4CFC-B91B-03E23548F06A}.Release|Any CPU.Build.0 = Release|Any CPU
		{CF041B09-C84E-4BC7-AE39-4D27810FDDF7}.Debug|Any CPU.ActiveCfg = Debug|Any CPU
		{CF041B09-C84E-4BC7-AE39-4D27810FDDF7}.Debug|Any CPU.Build.0 = Debug|Any CPU
		{CF041B09-C84E-4BC7-AE39-4D27810FDDF7}.Release|Any CPU.ActiveCfg = Release|Any CPU
		{CF041B09-C84E-4BC7-AE39-4D27810FDDF7}.Release|Any CPU.Build.0 = Release|Any CPU
		{F643B0EA-767D-4660-A39C-9C92A3727424}.Debug|Any CPU.ActiveCfg = Debug|Any CPU
		{F643B0EA-767D-4660-A39C-9C92A3727424}.Debug|Any CPU.Build.0 = Debug|Any CPU
		{F643B0EA-767D-4660-A39C-9C92A3727424}.Release|Any CPU.ActiveCfg = Release|Any CPU
		{F643B0EA-767D-4660-A39C-9C92A3727424}.Release|Any CPU.Build.0 = Release|Any CPU
		{D1D3B131-D04B-468B-A309-F18392896345}.Debug|Any CPU.ActiveCfg = Debug|Any CPU
		{D1D3B131-D04B-468B-A309-F18392896345}.Debug|Any CPU.Build.0 = Debug|Any CPU
		{D1D3B131-D04B-468B-A309-F18392896345}.Release|Any CPU.ActiveCfg = Release|Any CPU
		{D1D3B131-D04B-468B-A309-F18392896345}.Release|Any CPU.Build.0 = Release|Any CPU
		{3DC73F5A-E297-4388-B491-DE1DDEE7BDE3}.Debug|Any CPU.ActiveCfg = Debug|Any CPU
		{3DC73F5A-E297-4388-B491-DE1DDEE7BDE3}.Debug|Any CPU.Build.0 = Debug|Any CPU
		{3DC73F5A-E297-4388-B491-DE1DDEE7BDE3}.Release|Any CPU.ActiveCfg = Release|Any CPU
		{3DC73F5A-E297-4388-B491-DE1DDEE7BDE3}.Release|Any CPU.Build.0 = Release|Any CPU
		{8110B799-ED33-411C-9116-CB09F61EEABA}.Debug|Any CPU.ActiveCfg = Debug|Any CPU
		{8110B799-ED33-411C-9116-CB09F61EEABA}.Debug|Any CPU.Build.0 = Debug|Any CPU
		{8110B799-ED33-411C-9116-CB09F61EEABA}.Release|Any CPU.ActiveCfg = Release|Any CPU
		{8110B799-ED33-411C-9116-CB09F61EEABA}.Release|Any CPU.Build.0 = Release|Any CPU
	EndGlobalSection
	GlobalSection(SolutionProperties) = preSolution
		HideSolutionNode = FALSE
	EndGlobalSection
	GlobalSection(NestedProjects) = preSolution
		{FEC02440-DE51-4CFC-B91B-03E23548F06A} = {CF6396E5-CAB1-4951-BF3A-35A6DE6CBE3C}
		{CF041B09-C84E-4BC7-AE39-4D27810FDDF7} = {CF9461F3-38BB-4280-9807-EABEF57D8802}
		{CF6396E5-CAB1-4951-BF3A-35A6DE6CBE3C} = {75ED9E2D-F53D-407B-B303-EEA17D2765DB}
		{B455C5EC-B952-4770-A65D-B1AB0F301506} = {75ED9E2D-F53D-407B-B303-EEA17D2765DB}
		{CF9461F3-38BB-4280-9807-EABEF57D8802} = {75ED9E2D-F53D-407B-B303-EEA17D2765DB}
		{F643B0EA-767D-4660-A39C-9C92A3727424} = {B455C5EC-B952-4770-A65D-B1AB0F301506}
		{D1D3B131-D04B-468B-A309-F18392896345} = {B455C5EC-B952-4770-A65D-B1AB0F301506}
		{CC981FED-AA76-48FF-85A0-35497F559AA5} = {75ED9E2D-F53D-407B-B303-EEA17D2765DB}
		{3DC73F5A-E297-4388-B491-DE1DDEE7BDE3} = {CC981FED-AA76-48FF-85A0-35497F559AA5}
		{8110B799-ED33-411C-9116-CB09F61EEABA} = {CC981FED-AA76-48FF-85A0-35497F559AA5}
	EndGlobalSection
	GlobalSection(ExtensibilityGlobals) = postSolution
		SolutionGuid = {CBA226D3-A721-445B-B90F-382D3412AC18}
	EndGlobalSection
EndGlobal
